// !$*UTF8*$!
{
	archiveVersion = 1;
	classes = {
	};
	objectVersion = 46;
	objects = {

/* Begin PBXBuildFile section */
		1B4DD0D3FC9B429C9DEA9BEA /* Pods_Code_HeroesTests.framework in Frameworks */ = {isa = PBXBuildFile; fileRef = 5E4B93AFC0463F9E309D9E54 /* Pods_Code_HeroesTests.framework */; };
		6209B2421EA1026B00FA36E7 /* Assets.xcassets in Resources */ = {isa = PBXBuildFile; fileRef = 6209B2411EA1026B00FA36E7 /* Assets.xcassets */; };
		624396BD1E5F91A200AF90D0 /* GitgameTests.swift in Sources */ = {isa = PBXBuildFile; fileRef = 624396BC1E5F91A200AF90D0 /* GitgameTests.swift */; };
		624432821E6574D300EF97F8 /* ApexSansBoldST-Regular.ttf in Resources */ = {isa = PBXBuildFile; fileRef = 624432811E65749A00EF97F8 /* ApexSansBoldST-Regular.ttf */; };
		62A6AB651EA0FD6100972E66 /* UserDetailController.swift in Sources */ = {isa = PBXBuildFile; fileRef = 62A6AB641EA0FD6100972E66 /* UserDetailController.swift */; };
		62A6AB751EA0FD7E00972E66 /* AppDelegate.swift in Sources */ = {isa = PBXBuildFile; fileRef = 62A6AB671EA0FD7E00972E66 /* AppDelegate.swift */; };
		62A6AB761EA0FD7E00972E66 /* LoginController.swift in Sources */ = {isa = PBXBuildFile; fileRef = 62A6AB681EA0FD7E00972E66 /* LoginController.swift */; };
		62A6AB771EA0FD7E00972E66 /* MenuController.swift in Sources */ = {isa = PBXBuildFile; fileRef = 62A6AB691EA0FD7E00972E66 /* MenuController.swift */; };
		62A6AB781EA0FD7E00972E66 /* ProfileController.swift in Sources */ = {isa = PBXBuildFile; fileRef = 62A6AB6A1EA0FD7E00972E66 /* ProfileController.swift */; };
		62A6AB791EA0FD7E00972E66 /* ProjectController.swift in Sources */ = {isa = PBXBuildFile; fileRef = 62A6AB6B1EA0FD7E00972E66 /* ProjectController.swift */; };
		62A6AB7A1EA0FD7E00972E66 /* ProjectTableViewCell.swift in Sources */ = {isa = PBXBuildFile; fileRef = 62A6AB6C1EA0FD7E00972E66 /* ProjectTableViewCell.swift */; };
		62A6AB7B1EA0FD7E00972E66 /* RepositoriesController.swift in Sources */ = {isa = PBXBuildFile; fileRef = 62A6AB6D1EA0FD7E00972E66 /* RepositoriesController.swift */; };
		62A6AB7C1EA0FD7E00972E66 /* RepoTableViewCell.swift in Sources */ = {isa = PBXBuildFile; fileRef = 62A6AB6E1EA0FD7E00972E66 /* RepoTableViewCell.swift */; };
		62A6AB7D1EA0FD7E00972E66 /* StatsController.swift in Sources */ = {isa = PBXBuildFile; fileRef = 62A6AB6F1EA0FD7E00972E66 /* StatsController.swift */; };
		62A6AB7E1EA0FD7E00972E66 /* SWRevealViewController.m in Sources */ = {isa = PBXBuildFile; fileRef = 62A6AB711EA0FD7E00972E66 /* SWRevealViewController.m */; };
		62A6AB7F1EA0FD7E00972E66 /* UserController.swift in Sources */ = {isa = PBXBuildFile; fileRef = 62A6AB721EA0FD7E00972E66 /* UserController.swift */; };
		62A6AB801EA0FD7E00972E66 /* UserTableViewCell.swift in Sources */ = {isa = PBXBuildFile; fileRef = 62A6AB731EA0FD7E00972E66 /* UserTableViewCell.swift */; };
		62A6AB811EA0FD7E00972E66 /* WebViewController.swift in Sources */ = {isa = PBXBuildFile; fileRef = 62A6AB741EA0FD7E00972E66 /* WebViewController.swift */; };
		62A6AB841EA0FEDD00972E66 /* Gitgame.xcdatamodeld in Sources */ = {isa = PBXBuildFile; fileRef = 62A6AB821EA0FEDD00972E66 /* Gitgame.xcdatamodeld */; };
		62A6AB851EA0FEDD00972E66 /* Info.plist in Resources */ = {isa = PBXBuildFile; fileRef = 62A6AB831EA0FEDD00972E66 /* Info.plist */; };
		62A6AB871EA0FEE500972E66 /* GoogleService-Info.plist in Resources */ = {isa = PBXBuildFile; fileRef = 62A6AB861EA0FEE500972E66 /* GoogleService-Info.plist */; };
		62AEE5F81E852EEC008C80C5 /* productsans.ttf in Resources */ = {isa = PBXBuildFile; fileRef = 62AEE5F71E852EE3008C80C5 /* productsans.ttf */; };
		62C57A9E1E84332E0083D97C /* Main.storyboard in Resources */ = {isa = PBXBuildFile; fileRef = 62C57A9A1E84332E0083D97C /* Main.storyboard */; };
		62C57A9F1E84332E0083D97C /* LaunchScreen.storyboard in Resources */ = {isa = PBXBuildFile; fileRef = 62C57A9C1E84332E0083D97C /* LaunchScreen.storyboard */; };
		E2A50864AFDEA44CA1B1B371 /* Pods_Code_Heroes.framework in Frameworks */ = {isa = PBXBuildFile; fileRef = BC85623D7AD0BC0937AD2778 /* Pods_Code_Heroes.framework */; };
/* End PBXBuildFile section */

/* Begin PBXContainerItemProxy section */
		624396B91E5F91A200AF90D0 /* PBXContainerItemProxy */ = {
			isa = PBXContainerItemProxy;
			containerPortal = 624396991E5F91A200AF90D0 /* Project object */;
			proxyType = 1;
			remoteGlobalIDString = 624396A01E5F91A200AF90D0;
			remoteInfo = Gitgame;
		};
/* End PBXContainerItemProxy section */

/* Begin PBXFileReference section */
		5E4B93AFC0463F9E309D9E54 /* Pods_Code_HeroesTests.framework */ = {isa = PBXFileReference; explicitFileType = wrapper.framework; includeInIndex = 0; path = Pods_Code_HeroesTests.framework; sourceTree = BUILT_PRODUCTS_DIR; };
		6209B2411EA1026B00FA36E7 /* Assets.xcassets */ = {isa = PBXFileReference; lastKnownFileType = folder.assetcatalog; name = Assets.xcassets; path = Coders/Assets.xcassets; sourceTree = SOURCE_ROOT; };
		624396A11E5F91A200AF90D0 /* Coders.app */ = {isa = PBXFileReference; explicitFileType = wrapper.application; includeInIndex = 0; path = Coders.app; sourceTree = BUILT_PRODUCTS_DIR; };
		624396B81E5F91A200AF90D0 /* CodersTests.xctest */ = {isa = PBXFileReference; explicitFileType = wrapper.cfbundle; includeInIndex = 0; path = CodersTests.xctest; sourceTree = BUILT_PRODUCTS_DIR; };
		624396BC1E5F91A200AF90D0 /* GitgameTests.swift */ = {isa = PBXFileReference; lastKnownFileType = sourcecode.swift; name = GitgameTests.swift; path = CodersTests/GitgameTests.swift; sourceTree = "<group>"; };
		624396BE1E5F91A200AF90D0 /* Info.plist */ = {isa = PBXFileReference; lastKnownFileType = text.plist; name = Info.plist; path = CodersTests/Info.plist; sourceTree = "<group>"; };
		624432811E65749A00EF97F8 /* ApexSansBoldST-Regular.ttf */ = {isa = PBXFileReference; lastKnownFileType = file; path = "ApexSansBoldST-Regular.ttf"; sourceTree = "<group>"; };
		62A6AB641EA0FD6100972E66 /* UserDetailController.swift */ = {isa = PBXFileReference; fileEncoding = 4; lastKnownFileType = sourcecode.swift; path = UserDetailController.swift; sourceTree = SOURCE_ROOT; };
		62A6AB661EA0FD6B00972E66 /* Gitgame-Bridging-Header.h */ = {isa = PBXFileReference; lastKnownFileType = sourcecode.c.h; path = "Gitgame-Bridging-Header.h"; sourceTree = SOURCE_ROOT; };
		62A6AB671EA0FD7E00972E66 /* AppDelegate.swift */ = {isa = PBXFileReference; fileEncoding = 4; lastKnownFileType = sourcecode.swift; name = AppDelegate.swift; path = Coders/AppDelegate.swift; sourceTree = SOURCE_ROOT; };
		62A6AB681EA0FD7E00972E66 /* LoginController.swift */ = {isa = PBXFileReference; fileEncoding = 4; lastKnownFileType = sourcecode.swift; name = LoginController.swift; path = Coders/LoginController.swift; sourceTree = SOURCE_ROOT; };
		62A6AB691EA0FD7E00972E66 /* MenuController.swift */ = {isa = PBXFileReference; fileEncoding = 4; lastKnownFileType = sourcecode.swift; name = MenuController.swift; path = Coders/MenuController.swift; sourceTree = SOURCE_ROOT; };
		62A6AB6A1EA0FD7E00972E66 /* ProfileController.swift */ = {isa = PBXFileReference; fileEncoding = 4; lastKnownFileType = sourcecode.swift; name = ProfileController.swift; path = Coders/ProfileController.swift; sourceTree = SOURCE_ROOT; };
		62A6AB6B1EA0FD7E00972E66 /* ProjectController.swift */ = {isa = PBXFileReference; fileEncoding = 4; lastKnownFileType = sourcecode.swift; name = ProjectController.swift; path = Coders/ProjectController.swift; sourceTree = SOURCE_ROOT; };
		62A6AB6C1EA0FD7E00972E66 /* ProjectTableViewCell.swift */ = {isa = PBXFileReference; fileEncoding = 4; lastKnownFileType = sourcecode.swift; name = ProjectTableViewCell.swift; path = Coders/ProjectTableViewCell.swift; sourceTree = SOURCE_ROOT; };
		62A6AB6D1EA0FD7E00972E66 /* RepositoriesController.swift */ = {isa = PBXFileReference; fileEncoding = 4; lastKnownFileType = sourcecode.swift; name = RepositoriesController.swift; path = Coders/RepositoriesController.swift; sourceTree = SOURCE_ROOT; };
		62A6AB6E1EA0FD7E00972E66 /* RepoTableViewCell.swift */ = {isa = PBXFileReference; fileEncoding = 4; lastKnownFileType = sourcecode.swift; name = RepoTableViewCell.swift; path = Coders/RepoTableViewCell.swift; sourceTree = SOURCE_ROOT; };
		62A6AB6F1EA0FD7E00972E66 /* StatsController.swift */ = {isa = PBXFileReference; fileEncoding = 4; lastKnownFileType = sourcecode.swift; name = StatsController.swift; path = Coders/StatsController.swift; sourceTree = SOURCE_ROOT; };
		62A6AB701EA0FD7E00972E66 /* SWRevealViewController.h */ = {isa = PBXFileReference; fileEncoding = 4; lastKnownFileType = sourcecode.c.h; name = SWRevealViewController.h; path = Coders/SWRevealViewController.h; sourceTree = SOURCE_ROOT; };
		62A6AB711EA0FD7E00972E66 /* SWRevealViewController.m */ = {isa = PBXFileReference; fileEncoding = 4; lastKnownFileType = sourcecode.c.objc; name = SWRevealViewController.m; path = Coders/SWRevealViewController.m; sourceTree = SOURCE_ROOT; };
		62A6AB721EA0FD7E00972E66 /* UserController.swift */ = {isa = PBXFileReference; fileEncoding = 4; lastKnownFileType = sourcecode.swift; name = UserController.swift; path = Coders/UserController.swift; sourceTree = SOURCE_ROOT; };
		62A6AB731EA0FD7E00972E66 /* UserTableViewCell.swift */ = {isa = PBXFileReference; fileEncoding = 4; lastKnownFileType = sourcecode.swift; name = UserTableViewCell.swift; path = Coders/UserTableViewCell.swift; sourceTree = SOURCE_ROOT; };
		62A6AB741EA0FD7E00972E66 /* WebViewController.swift */ = {isa = PBXFileReference; fileEncoding = 4; lastKnownFileType = sourcecode.swift; name = WebViewController.swift; path = Coders/WebViewController.swift; sourceTree = SOURCE_ROOT; };
		62A6AB831EA0FEDD00972E66 /* Info.plist */ = {isa = PBXFileReference; fileEncoding = 4; lastKnownFileType = text.plist.xml; name = Info.plist; path = Coders/Info.plist; sourceTree = SOURCE_ROOT; };
		62A6AB861EA0FEE500972E66 /* GoogleService-Info.plist */ = {isa = PBXFileReference; fileEncoding = 4; lastKnownFileType = text.plist.xml; path = "GoogleService-Info.plist"; sourceTree = SOURCE_ROOT; };
		62AEE5F71E852EE3008C80C5 /* productsans.ttf */ = {isa = PBXFileReference; lastKnownFileType = file; path = productsans.ttf; sourceTree = "<group>"; };
		62C57A9B1E84332E0083D97C /* Base */ = {isa = PBXFileReference; lastKnownFileType = file.storyboard; name = Base; path = Coders/Base.lproj/Main.storyboard; sourceTree = "<group>"; };
		62C57A9D1E84332E0083D97C /* Base */ = {isa = PBXFileReference; lastKnownFileType = file.storyboard; name = Base; path = Coders/Base.lproj/LaunchScreen.storyboard; sourceTree = "<group>"; };
		6437F6A7575B3CC2BDCEA31F /* Pods-Code HeroesTests.release.xcconfig */ = {isa = PBXFileReference; includeInIndex = 1; lastKnownFileType = text.xcconfig; name = "Pods-Code HeroesTests.release.xcconfig"; path = "Pods/Target Support Files/Pods-Code HeroesTests/Pods-Code HeroesTests.release.xcconfig"; sourceTree = "<group>"; };
		BC85623D7AD0BC0937AD2778 /* Pods_Code_Heroes.framework */ = {isa = PBXFileReference; explicitFileType = wrapper.framework; includeInIndex = 0; path = Pods_Code_Heroes.framework; sourceTree = BUILT_PRODUCTS_DIR; };
		CA161AE797DBDFCB2B8BAF4A /* Pods-Code Heroes.debug.xcconfig */ = {isa = PBXFileReference; includeInIndex = 1; lastKnownFileType = text.xcconfig; name = "Pods-Code Heroes.debug.xcconfig"; path = "Pods/Target Support Files/Pods-Code Heroes/Pods-Code Heroes.debug.xcconfig"; sourceTree = "<group>"; };
		CE0671575C372D8B23420506 /* Pods-Code HeroesTests.debug.xcconfig */ = {isa = PBXFileReference; includeInIndex = 1; lastKnownFileType = text.xcconfig; name = "Pods-Code HeroesTests.debug.xcconfig"; path = "Pods/Target Support Files/Pods-Code HeroesTests/Pods-Code HeroesTests.debug.xcconfig"; sourceTree = "<group>"; };
		F12E7206AA982376ED448A47 /* Pods-Code Heroes.release.xcconfig */ = {isa = PBXFileReference; includeInIndex = 1; lastKnownFileType = text.xcconfig; name = "Pods-Code Heroes.release.xcconfig"; path = "Pods/Target Support Files/Pods-Code Heroes/Pods-Code Heroes.release.xcconfig"; sourceTree = "<group>"; };
/* End PBXFileReference section */

/* Begin PBXFrameworksBuildPhase section */
		6243969E1E5F91A200AF90D0 /* Frameworks */ = {
			isa = PBXFrameworksBuildPhase;
			buildActionMask = 2147483647;
			files = (
				E2A50864AFDEA44CA1B1B371 /* Pods_Code_Heroes.framework in Frameworks */,
			);
			runOnlyForDeploymentPostprocessing = 0;
		};
		624396B51E5F91A200AF90D0 /* Frameworks */ = {
			isa = PBXFrameworksBuildPhase;
			buildActionMask = 2147483647;
			files = (
				1B4DD0D3FC9B429C9DEA9BEA /* Pods_Code_HeroesTests.framework in Frameworks */,
			);
			runOnlyForDeploymentPostprocessing = 0;
		};
/* End PBXFrameworksBuildPhase section */

/* Begin PBXGroup section */
		5B1B0470B72177AD62442934 /* Frameworks */ = {
			isa = PBXGroup;
			children = (
				BC85623D7AD0BC0937AD2778 /* Pods_Code_Heroes.framework */,
				5E4B93AFC0463F9E309D9E54 /* Pods_Code_HeroesTests.framework */,
			);
			name = Frameworks;
			sourceTree = "<group>";
		};
		6209B2431EA10AF300FA36E7 /* Models */ = {
			isa = PBXGroup;
			children = (
				62A6AB6C1EA0FD7E00972E66 /* ProjectTableViewCell.swift */,
				62A6AB6E1EA0FD7E00972E66 /* RepoTableViewCell.swift */,
				62A6AB731EA0FD7E00972E66 /* UserTableViewCell.swift */,
			);
			name = Models;
			sourceTree = "<group>";
		};
		6209B2441EA10B0400FA36E7 /* Controllers */ = {
			isa = PBXGroup;
			children = (
				62A6AB721EA0FD7E00972E66 /* UserController.swift */,
				62A6AB741EA0FD7E00972E66 /* WebViewController.swift */,
				62A6AB681EA0FD7E00972E66 /* LoginController.swift */,
				62A6AB691EA0FD7E00972E66 /* MenuController.swift */,
				62A6AB6A1EA0FD7E00972E66 /* ProfileController.swift */,
				62A6AB6B1EA0FD7E00972E66 /* ProjectController.swift */,
				62A6AB6D1EA0FD7E00972E66 /* RepositoriesController.swift */,
				62A6AB6F1EA0FD7E00972E66 /* StatsController.swift */,
				62A6AB641EA0FD6100972E66 /* UserDetailController.swift */,
			);
			name = Controllers;
			sourceTree = "<group>";
		};
		6209B2451EA10B1D00FA36E7 /* Helpers */ = {
			isa = PBXGroup;
			children = (
				62A6AB701EA0FD7E00972E66 /* SWRevealViewController.h */,
				62A6AB711EA0FD7E00972E66 /* SWRevealViewController.m */,
				62A6AB661EA0FD6B00972E66 /* Gitgame-Bridging-Header.h */,
			);
			name = Helpers;
			sourceTree = "<group>";
		};
		6209B2461EA10B2900FA36E7 /* Other */ = {
			isa = PBXGroup;
			children = (
				62A6AB861EA0FEE500972E66 /* GoogleService-Info.plist */,
				62A6AB821EA0FEDD00972E66 /* Gitgame.xcdatamodeld */,
				62A6AB831EA0FEDD00972E66 /* Info.plist */,
			);
			name = Other;
			sourceTree = "<group>";
		};
		6209B2471EA10B3400FA36E7 /* Delegate */ = {
			isa = PBXGroup;
			children = (
				62A6AB671EA0FD7E00972E66 /* AppDelegate.swift */,
			);
			name = Delegate;
			sourceTree = "<group>";
		};
		622FF45C1E826D57005ECABB /* Products */ = {
			isa = PBXGroup;
			children = (
			);
			name = Products;
			sourceTree = "<group>";
		};
		624396981E5F91A200AF90D0 = {
			isa = PBXGroup;
			children = (
				62C57A9A1E84332E0083D97C /* Main.storyboard */,
				62C57A9C1E84332E0083D97C /* LaunchScreen.storyboard */,
				624432801E65748D00EF97F8 /* Resources */,
				624396A31E5F91A200AF90D0 /* Coders */,
				624396BB1E5F91A200AF90D0 /* CodersTests */,
				622FF45C1E826D57005ECABB /* Products */,
				624396A21E5F91A200AF90D0 /* Products */,
				8FE0B39845AACAC71B42D041 /* Pods */,
				5B1B0470B72177AD62442934 /* Frameworks */,
			);
			sourceTree = "<group>";
		};
		624396A21E5F91A200AF90D0 /* Products */ = {
			isa = PBXGroup;
			children = (
				624396A11E5F91A200AF90D0 /* Coders.app */,
				624396B81E5F91A200AF90D0 /* CodersTests.xctest */,
			);
			name = Products;
			sourceTree = "<group>";
		};
		624396A31E5F91A200AF90D0 /* Coders */ = {
			isa = PBXGroup;
			children = (
				6209B2471EA10B3400FA36E7 /* Delegate */,
				6209B2441EA10B0400FA36E7 /* Controllers */,
				6209B2451EA10B1D00FA36E7 /* Helpers */,
				6209B2431EA10AF300FA36E7 /* Models */,
				6209B2461EA10B2900FA36E7 /* Other */,
				6209B2411EA1026B00FA36E7 /* Assets.xcassets */,
			);
			name = Coders;
			path = "Code Heroes";
			sourceTree = "<group>";
		};
		624396BB1E5F91A200AF90D0 /* CodersTests */ = {
			isa = PBXGroup;
			children = (
				624396BC1E5F91A200AF90D0 /* GitgameTests.swift */,
				624396BE1E5F91A200AF90D0 /* Info.plist */,
			);
			name = CodersTests;
			path = "Code HeroesTests";
			sourceTree = "<group>";
		};
		624432801E65748D00EF97F8 /* Resources */ = {
			isa = PBXGroup;
			children = (
				624432811E65749A00EF97F8 /* ApexSansBoldST-Regular.ttf */,
				62AEE5F71E852EE3008C80C5 /* productsans.ttf */,
			);
			name = Resources;
			sourceTree = "<group>";
		};
		8FE0B39845AACAC71B42D041 /* Pods */ = {
			isa = PBXGroup;
			children = (
				CA161AE797DBDFCB2B8BAF4A /* Pods-Code Heroes.debug.xcconfig */,
				F12E7206AA982376ED448A47 /* Pods-Code Heroes.release.xcconfig */,
				CE0671575C372D8B23420506 /* Pods-Code HeroesTests.debug.xcconfig */,
				6437F6A7575B3CC2BDCEA31F /* Pods-Code HeroesTests.release.xcconfig */,
			);
			name = Pods;
			sourceTree = "<group>";
		};
/* End PBXGroup section */

/* Begin PBXNativeTarget section */
		624396A01E5F91A200AF90D0 /* Coders */ = {
			isa = PBXNativeTarget;
			buildConfigurationList = 624396C11E5F91A200AF90D0 /* Build configuration list for PBXNativeTarget "Coders" */;
			buildPhases = (
				9087923E537C1EFB34908806 /* [CP] Check Pods Manifest.lock */,
				6243969D1E5F91A200AF90D0 /* Sources */,
				6243969E1E5F91A200AF90D0 /* Frameworks */,
				6243969F1E5F91A200AF90D0 /* Resources */,
				7A78DF1FBEB58FAEF267F828 /* [CP] Embed Pods Frameworks */,
				93F3706D45C3F68CA97AE383 /* [CP] Copy Pods Resources */,
			);
			buildRules = (
			);
			dependencies = (
			);
			name = Coders;
			productName = Gitgame;
			productReference = 624396A11E5F91A200AF90D0 /* Coders.app */;
			productType = "com.apple.product-type.application";
		};
		624396B71E5F91A200AF90D0 /* CodersTests */ = {
			isa = PBXNativeTarget;
			buildConfigurationList = 624396C41E5F91A200AF90D0 /* Build configuration list for PBXNativeTarget "CodersTests" */;
			buildPhases = (
				8C5D9FA8AFAFC15B6052FD89 /* [CP] Check Pods Manifest.lock */,
				624396B41E5F91A200AF90D0 /* Sources */,
				624396B51E5F91A200AF90D0 /* Frameworks */,
				624396B61E5F91A200AF90D0 /* Resources */,
				17F8C045A8E812125C0FE928 /* [CP] Embed Pods Frameworks */,
				7C8923C5952BB46FDE2035CA /* [CP] Copy Pods Resources */,
			);
			buildRules = (
			);
			dependencies = (
				624396BA1E5F91A200AF90D0 /* PBXTargetDependency */,
			);
			name = CodersTests;
			productName = GitgameTests;
			productReference = 624396B81E5F91A200AF90D0 /* CodersTests.xctest */;
			productType = "com.apple.product-type.bundle.unit-test";
		};
/* End PBXNativeTarget section */

/* Begin PBXProject section */
		624396991E5F91A200AF90D0 /* Project object */ = {
			isa = PBXProject;
			attributes = {
				LastSwiftUpdateCheck = 0820;
				LastUpgradeCheck = 0830;
				ORGANIZATIONNAME = "Arwin Strating";
				TargetAttributes = {
					624396A01E5F91A200AF90D0 = {
						CreatedOnToolsVersion = 8.2.1;
						DevelopmentTeam = YQ62CYT4B3;
						LastSwiftMigration = 0820;
						ProvisioningStyle = Automatic;
					};
					624396B71E5F91A200AF90D0 = {
						CreatedOnToolsVersion = 8.2.1;
						DevelopmentTeam = CC2N83ED29;
						LastSwiftMigration = 0820;
						ProvisioningStyle = Automatic;
						TestTargetID = 624396A01E5F91A200AF90D0;
					};
				};
			};
			buildConfigurationList = 6243969C1E5F91A200AF90D0 /* Build configuration list for PBXProject "Coders" */;
			compatibilityVersion = "Xcode 3.2";
			developmentRegion = English;
			hasScannedForEncodings = 0;
			knownRegions = (
				en,
				Base,
			);
			mainGroup = 624396981E5F91A200AF90D0;
			productRefGroup = 624396A21E5F91A200AF90D0 /* Products */;
			projectDirPath = "";
			projectRoot = "";
			targets = (
				624396A01E5F91A200AF90D0 /* Coders */,
				624396B71E5F91A200AF90D0 /* CodersTests */,
			);
		};
/* End PBXProject section */

/* Begin PBXResourcesBuildPhase section */
		6243969F1E5F91A200AF90D0 /* Resources */ = {
			isa = PBXResourcesBuildPhase;
			buildActionMask = 2147483647;
			files = (
				62AEE5F81E852EEC008C80C5 /* productsans.ttf in Resources */,
				62C57A9E1E84332E0083D97C /* Main.storyboard in Resources */,
				62A6AB851EA0FEDD00972E66 /* Info.plist in Resources */,
				62C57A9F1E84332E0083D97C /* LaunchScreen.storyboard in Resources */,
				6209B2421EA1026B00FA36E7 /* Assets.xcassets in Resources */,
				624432821E6574D300EF97F8 /* ApexSansBoldST-Regular.ttf in Resources */,
				62A6AB871EA0FEE500972E66 /* GoogleService-Info.plist in Resources */,
			);
			runOnlyForDeploymentPostprocessing = 0;
		};
		624396B61E5F91A200AF90D0 /* Resources */ = {
			isa = PBXResourcesBuildPhase;
			buildActionMask = 2147483647;
			files = (
			);
			runOnlyForDeploymentPostprocessing = 0;
		};
/* End PBXResourcesBuildPhase section */

/* Begin PBXShellScriptBuildPhase section */
		17F8C045A8E812125C0FE928 /* [CP] Embed Pods Frameworks */ = {
			isa = PBXShellScriptBuildPhase;
			buildActionMask = 2147483647;
			files = (
			);
			inputPaths = (
			);
			name = "[CP] Embed Pods Frameworks";
			outputPaths = (
			);
			runOnlyForDeploymentPostprocessing = 0;
			shellPath = /bin/sh;
			shellScript = "\"${SRCROOT}/Pods/Target Support Files/Pods-Code HeroesTests/Pods-Code HeroesTests-frameworks.sh\"\n";
			showEnvVarsInLog = 0;
		};
		7A78DF1FBEB58FAEF267F828 /* [CP] Embed Pods Frameworks */ = {
			isa = PBXShellScriptBuildPhase;
			buildActionMask = 2147483647;
			files = (
			);
			inputPaths = (
			);
			name = "[CP] Embed Pods Frameworks";
			outputPaths = (
			);
			runOnlyForDeploymentPostprocessing = 0;
			shellPath = /bin/sh;
			shellScript = "\"${SRCROOT}/Pods/Target Support Files/Pods-Code Heroes/Pods-Code Heroes-frameworks.sh\"\n";
			showEnvVarsInLog = 0;
		};
		7C8923C5952BB46FDE2035CA /* [CP] Copy Pods Resources */ = {
			isa = PBXShellScriptBuildPhase;
			buildActionMask = 2147483647;
			files = (
			);
			inputPaths = (
			);
			name = "[CP] Copy Pods Resources";
			outputPaths = (
			);
			runOnlyForDeploymentPostprocessing = 0;
			shellPath = /bin/sh;
			shellScript = "\"${SRCROOT}/Pods/Target Support Files/Pods-Code HeroesTests/Pods-Code HeroesTests-resources.sh\"\n";
			showEnvVarsInLog = 0;
		};
		8C5D9FA8AFAFC15B6052FD89 /* [CP] Check Pods Manifest.lock */ = {
			isa = PBXShellScriptBuildPhase;
			buildActionMask = 2147483647;
			files = (
			);
			inputPaths = (
			);
			name = "[CP] Check Pods Manifest.lock";
			outputPaths = (
			);
			runOnlyForDeploymentPostprocessing = 0;
			shellPath = /bin/sh;
			shellScript = "diff \"${PODS_ROOT}/../Podfile.lock\" \"${PODS_ROOT}/Manifest.lock\" > /dev/null\nif [[ $? != 0 ]] ; then\n    cat << EOM\nerror: The sandbox is not in sync with the Podfile.lock. Run 'pod install' or update your CocoaPods installation.\nEOM\n    exit 1\nfi\n";
			showEnvVarsInLog = 0;
		};
		9087923E537C1EFB34908806 /* [CP] Check Pods Manifest.lock */ = {
			isa = PBXShellScriptBuildPhase;
			buildActionMask = 2147483647;
			files = (
			);
			inputPaths = (
			);
			name = "[CP] Check Pods Manifest.lock";
			outputPaths = (
			);
			runOnlyForDeploymentPostprocessing = 0;
			shellPath = /bin/sh;
			shellScript = "diff \"${PODS_ROOT}/../Podfile.lock\" \"${PODS_ROOT}/Manifest.lock\" > /dev/null\nif [[ $? != 0 ]] ; then\n    cat << EOM\nerror: The sandbox is not in sync with the Podfile.lock. Run 'pod install' or update your CocoaPods installation.\nEOM\n    exit 1\nfi\n";
			showEnvVarsInLog = 0;
		};
		93F3706D45C3F68CA97AE383 /* [CP] Copy Pods Resources */ = {
			isa = PBXShellScriptBuildPhase;
			buildActionMask = 2147483647;
			files = (
			);
			inputPaths = (
			);
			name = "[CP] Copy Pods Resources";
			outputPaths = (
			);
			runOnlyForDeploymentPostprocessing = 0;
			shellPath = /bin/sh;
			shellScript = "\"${SRCROOT}/Pods/Target Support Files/Pods-Code Heroes/Pods-Code Heroes-resources.sh\"\n";
			showEnvVarsInLog = 0;
		};
/* End PBXShellScriptBuildPhase section */

/* Begin PBXSourcesBuildPhase section */
		6243969D1E5F91A200AF90D0 /* Sources */ = {
			isa = PBXSourcesBuildPhase;
			buildActionMask = 2147483647;
			files = (
				62A6AB7E1EA0FD7E00972E66 /* SWRevealViewController.m in Sources */,
				62A6AB781EA0FD7E00972E66 /* ProfileController.swift in Sources */,
				62A6AB7A1EA0FD7E00972E66 /* ProjectTableViewCell.swift in Sources */,
				62A6AB841EA0FEDD00972E66 /* Gitgame.xcdatamodeld in Sources */,
				62A6AB751EA0FD7E00972E66 /* AppDelegate.swift in Sources */,
				62A6AB801EA0FD7E00972E66 /* UserTableViewCell.swift in Sources */,
				62A6AB7F1EA0FD7E00972E66 /* UserController.swift in Sources */,
				62A6AB651EA0FD6100972E66 /* UserDetailController.swift in Sources */,
				62A6AB7C1EA0FD7E00972E66 /* RepoTableViewCell.swift in Sources */,
				62A6AB7D1EA0FD7E00972E66 /* StatsController.swift in Sources */,
				62A6AB791EA0FD7E00972E66 /* ProjectController.swift in Sources */,
				62A6AB7B1EA0FD7E00972E66 /* RepositoriesController.swift in Sources */,
				62A6AB771EA0FD7E00972E66 /* MenuController.swift in Sources */,
				62A6AB761EA0FD7E00972E66 /* LoginController.swift in Sources */,
				62A6AB811EA0FD7E00972E66 /* WebViewController.swift in Sources */,
			);
			runOnlyForDeploymentPostprocessing = 0;
		};
		624396B41E5F91A200AF90D0 /* Sources */ = {
			isa = PBXSourcesBuildPhase;
			buildActionMask = 2147483647;
			files = (
				624396BD1E5F91A200AF90D0 /* GitgameTests.swift in Sources */,
			);
			runOnlyForDeploymentPostprocessing = 0;
		};
/* End PBXSourcesBuildPhase section */

/* Begin PBXTargetDependency section */
		624396BA1E5F91A200AF90D0 /* PBXTargetDependency */ = {
			isa = PBXTargetDependency;
			target = 624396A01E5F91A200AF90D0 /* Coders */;
			targetProxy = 624396B91E5F91A200AF90D0 /* PBXContainerItemProxy */;
		};
/* End PBXTargetDependency section */

/* Begin PBXVariantGroup section */
		62C57A9A1E84332E0083D97C /* Main.storyboard */ = {
			isa = PBXVariantGroup;
			children = (
				62C57A9B1E84332E0083D97C /* Base */,
			);
			name = Main.storyboard;
			sourceTree = "<group>";
		};
		62C57A9C1E84332E0083D97C /* LaunchScreen.storyboard */ = {
			isa = PBXVariantGroup;
			children = (
				62C57A9D1E84332E0083D97C /* Base */,
			);
			name = LaunchScreen.storyboard;
			sourceTree = "<group>";
		};
/* End PBXVariantGroup section */

/* Begin XCBuildConfiguration section */
		624396BF1E5F91A200AF90D0 /* Debug */ = {
			isa = XCBuildConfiguration;
			buildSettings = {
				ALWAYS_SEARCH_USER_PATHS = NO;
				CLANG_ANALYZER_NONNULL = YES;
				CLANG_CXX_LANGUAGE_STANDARD = "gnu++0x";
				CLANG_CXX_LIBRARY = "libc++";
				CLANG_ENABLE_MODULES = YES;
				CLANG_ENABLE_OBJC_ARC = YES;
				CLANG_WARN_BOOL_CONVERSION = YES;
				CLANG_WARN_CONSTANT_CONVERSION = YES;
				CLANG_WARN_DIRECT_OBJC_ISA_USAGE = YES_ERROR;
				CLANG_WARN_DOCUMENTATION_COMMENTS = YES;
				CLANG_WARN_EMPTY_BODY = YES;
				CLANG_WARN_ENUM_CONVERSION = YES;
				CLANG_WARN_INFINITE_RECURSION = YES;
				CLANG_WARN_INT_CONVERSION = YES;
				CLANG_WARN_OBJC_ROOT_CLASS = YES_ERROR;
				CLANG_WARN_SUSPICIOUS_MOVE = YES;
				CLANG_WARN_UNREACHABLE_CODE = YES;
				CLANG_WARN__DUPLICATE_METHOD_MATCH = YES;
				"CODE_SIGN_IDENTITY[sdk=iphoneos*]" = "iPhone Developer";
				COPY_PHASE_STRIP = NO;
				DEBUG_INFORMATION_FORMAT = dwarf;
				ENABLE_STRICT_OBJC_MSGSEND = YES;
				ENABLE_TESTABILITY = YES;
				GCC_C_LANGUAGE_STANDARD = gnu99;
				GCC_DYNAMIC_NO_PIC = NO;
				GCC_NO_COMMON_BLOCKS = YES;
				GCC_OPTIMIZATION_LEVEL = 0;
				GCC_PREPROCESSOR_DEFINITIONS = (
					"DEBUG=1",
					"$(inherited)",
				);
				GCC_WARN_64_TO_32_BIT_CONVERSION = YES;
				GCC_WARN_ABOUT_RETURN_TYPE = YES_ERROR;
				GCC_WARN_UNDECLARED_SELECTOR = YES;
				GCC_WARN_UNINITIALIZED_AUTOS = YES_AGGRESSIVE;
				GCC_WARN_UNUSED_FUNCTION = YES;
				GCC_WARN_UNUSED_VARIABLE = YES;
				IPHONEOS_DEPLOYMENT_TARGET = 10.2;
				MTL_ENABLE_DEBUG_INFO = YES;
				ONLY_ACTIVE_ARCH = YES;
				SDKROOT = iphoneos;
				SWIFT_ACTIVE_COMPILATION_CONDITIONS = DEBUG;
				SWIFT_OPTIMIZATION_LEVEL = "-Onone";
				TARGETED_DEVICE_FAMILY = "1,2";
			};
			name = Debug;
		};
		624396C01E5F91A200AF90D0 /* Release */ = {
			isa = XCBuildConfiguration;
			buildSettings = {
				ALWAYS_SEARCH_USER_PATHS = NO;
				CLANG_ANALYZER_NONNULL = YES;
				CLANG_CXX_LANGUAGE_STANDARD = "gnu++0x";
				CLANG_CXX_LIBRARY = "libc++";
				CLANG_ENABLE_MODULES = YES;
				CLANG_ENABLE_OBJC_ARC = YES;
				CLANG_WARN_BOOL_CONVERSION = YES;
				CLANG_WARN_CONSTANT_CONVERSION = YES;
				CLANG_WARN_DIRECT_OBJC_ISA_USAGE = YES_ERROR;
				CLANG_WARN_DOCUMENTATION_COMMENTS = YES;
				CLANG_WARN_EMPTY_BODY = YES;
				CLANG_WARN_ENUM_CONVERSION = YES;
				CLANG_WARN_INFINITE_RECURSION = YES;
				CLANG_WARN_INT_CONVERSION = YES;
				CLANG_WARN_OBJC_ROOT_CLASS = YES_ERROR;
				CLANG_WARN_SUSPICIOUS_MOVE = YES;
				CLANG_WARN_UNREACHABLE_CODE = YES;
				CLANG_WARN__DUPLICATE_METHOD_MATCH = YES;
				"CODE_SIGN_IDENTITY[sdk=iphoneos*]" = "iPhone Developer";
				COPY_PHASE_STRIP = NO;
				DEBUG_INFORMATION_FORMAT = "dwarf-with-dsym";
				ENABLE_NS_ASSERTIONS = NO;
				ENABLE_STRICT_OBJC_MSGSEND = YES;
				GCC_C_LANGUAGE_STANDARD = gnu99;
				GCC_NO_COMMON_BLOCKS = YES;
				GCC_WARN_64_TO_32_BIT_CONVERSION = YES;
				GCC_WARN_ABOUT_RETURN_TYPE = YES_ERROR;
				GCC_WARN_UNDECLARED_SELECTOR = YES;
				GCC_WARN_UNINITIALIZED_AUTOS = YES_AGGRESSIVE;
				GCC_WARN_UNUSED_FUNCTION = YES;
				GCC_WARN_UNUSED_VARIABLE = YES;
				IPHONEOS_DEPLOYMENT_TARGET = 10.2;
				MTL_ENABLE_DEBUG_INFO = NO;
				SDKROOT = iphoneos;
				SWIFT_OPTIMIZATION_LEVEL = "-Owholemodule";
				TARGETED_DEVICE_FAMILY = "1,2";
				VALIDATE_PRODUCT = YES;
			};
			name = Release;
		};
		624396C21E5F91A200AF90D0 /* Debug */ = {
			isa = XCBuildConfiguration;
			baseConfigurationReference = CA161AE797DBDFCB2B8BAF4A /* Pods-Code Heroes.debug.xcconfig */;
			buildSettings = {
				ALWAYS_EMBED_SWIFT_STANDARD_LIBRARIES = YES;
				ASSETCATALOG_COMPILER_APPICON_NAME = AppIcon;
				CLANG_ENABLE_MODULES = YES;
				DEVELOPMENT_TEAM = YQ62CYT4B3;
				HEADER_SEARCH_PATHS = (
					"$(inherited)",
					"${PODS_ROOT}/Firebase/Core/Sources",
					"$(inherited)",
					"\"${PODS_ROOT}/Headers/Public\"",
					"\"${PODS_ROOT}/Headers/Public/Firebase\"",
					"\"${PODS_ROOT}/Headers/Public/FirebaseAnalytics\"",
					"\"${PODS_ROOT}/Headers/Public/FirebaseAuth\"",
					"\"${PODS_ROOT}/Headers/Public/FirebaseCore\"",
					"\"${PODS_ROOT}/Headers/Public/FirebaseDatabase\"",
					"\"${PODS_ROOT}/Headers/Public/FirebaseInstanceID\"",
					"\"${PODS_ROOT}/Headers/Public/FirebaseUI\"",
				);
				INFOPLIST_FILE = Coders/Info.plist;
				LD_RUNPATH_SEARCH_PATHS = "$(inherited) @executable_path/Frameworks";
				PRODUCT_BUNDLE_IDENTIFIER = com.move4mobile.Coders;
				PRODUCT_NAME = "$(TARGET_NAME)";
				SWIFT_OBJC_BRIDGING_HEADER = "Gitgame-Bridging-Header.h";
				SWIFT_OPTIMIZATION_LEVEL = "-Onone";
				SWIFT_VERSION = 3.0;
			};
			name = Debug;
		};
		624396C31E5F91A200AF90D0 /* Release */ = {
			isa = XCBuildConfiguration;
			baseConfigurationReference = F12E7206AA982376ED448A47 /* Pods-Code Heroes.release.xcconfig */;
			buildSettings = {
				ALWAYS_EMBED_SWIFT_STANDARD_LIBRARIES = YES;
				ASSETCATALOG_COMPILER_APPICON_NAME = AppIcon;
				CLANG_ENABLE_MODULES = YES;
				DEVELOPMENT_TEAM = YQ62CYT4B3;
				HEADER_SEARCH_PATHS = (
					"$(inherited)",
					"${PODS_ROOT}/Firebase/Core/Sources",
					"$(inherited)",
					"\"${PODS_ROOT}/Headers/Public\"",
					"\"${PODS_ROOT}/Headers/Public/Firebase\"",
					"\"${PODS_ROOT}/Headers/Public/FirebaseAnalytics\"",
					"\"${PODS_ROOT}/Headers/Public/FirebaseAuth\"",
					"\"${PODS_ROOT}/Headers/Public/FirebaseCore\"",
					"\"${PODS_ROOT}/Headers/Public/FirebaseDatabase\"",
					"\"${PODS_ROOT}/Headers/Public/FirebaseInstanceID\"",
					"\"${PODS_ROOT}/Headers/Public/FirebaseUI\"",
				);
				INFOPLIST_FILE = Coders/Info.plist;
				LD_RUNPATH_SEARCH_PATHS = "$(inherited) @executable_path/Frameworks";
				PRODUCT_BUNDLE_IDENTIFIER = com.move4mobile.Coders;
				PRODUCT_NAME = "$(TARGET_NAME)";
				SWIFT_OBJC_BRIDGING_HEADER = "Gitgame-Bridging-Header.h";
				SWIFT_VERSION = 3.0;
			};
			name = Release;
		};
		624396C51E5F91A200AF90D0 /* Debug */ = {
			isa = XCBuildConfiguration;
			baseConfigurationReference = CE0671575C372D8B23420506 /* Pods-Code HeroesTests.debug.xcconfig */;
			buildSettings = {
				ALWAYS_EMBED_SWIFT_STANDARD_LIBRARIES = YES;
				BUNDLE_LOADER = "$(TEST_HOST)";
				DEVELOPMENT_TEAM = CC2N83ED29;
				HEADER_SEARCH_PATHS = (
					"$(inherited)",
					"\"${PODS_ROOT}/Headers/Public\"",
					"\"${PODS_ROOT}/Headers/Public/Firebase\"",
					"\"${PODS_ROOT}/Headers/Public/FirebaseAnalytics\"",
					"\"${PODS_ROOT}/Headers/Public/FirebaseAuth\"",
					"\"${PODS_ROOT}/Headers/Public/FirebaseCore\"",
					"\"${PODS_ROOT}/Headers/Public/FirebaseDatabase\"",
					"\"${PODS_ROOT}/Headers/Public/FirebaseInstanceID\"",
					"\"${PODS_ROOT}/Headers/Public/FirebaseUI\"",
					"$(SRCROOT)/Pods",
				);
				INFOPLIST_FILE = GitgameTests/Info.plist;
				LD_RUNPATH_SEARCH_PATHS = "$(inherited) @executable_path/Frameworks @loader_path/Frameworks";
				PRODUCT_BUNDLE_IDENTIFIER = com.strating.GitgameTests;
				PRODUCT_NAME = "$(TARGET_NAME)";
				SWIFT_VERSION = 3.0;
				TEST_HOST = "$(BUILT_PRODUCTS_DIR)/Coders.app/Coders";
			};
			name = Debug;
		};
		624396C61E5F91A200AF90D0 /* Release */ = {
			isa = XCBuildConfiguration;
			baseConfigurationReference = 6437F6A7575B3CC2BDCEA31F /* Pods-Code HeroesTests.release.xcconfig */;
			buildSettings = {
				ALWAYS_EMBED_SWIFT_STANDARD_LIBRARIES = YES;
				BUNDLE_LOADER = "$(TEST_HOST)";
				DEVELOPMENT_TEAM = CC2N83ED29;
				HEADER_SEARCH_PATHS = (
					"$(inherited)",
					"\"${PODS_ROOT}/Headers/Public\"",
					"\"${PODS_ROOT}/Headers/Public/Firebase\"",
					"\"${PODS_ROOT}/Headers/Public/FirebaseAnalytics\"",
					"\"${PODS_ROOT}/Headers/Public/FirebaseAuth\"",
					"\"${PODS_ROOT}/Headers/Public/FirebaseCore\"",
					"\"${PODS_ROOT}/Headers/Public/FirebaseDatabase\"",
					"\"${PODS_ROOT}/Headers/Public/FirebaseInstanceID\"",
					"\"${PODS_ROOT}/Headers/Public/FirebaseUI\"",
					"$(SRCROOT)/Pods",
				);
				INFOPLIST_FILE = GitgameTests/Info.plist;
				LD_RUNPATH_SEARCH_PATHS = "$(inherited) @executable_path/Frameworks @loader_path/Frameworks";
				PRODUCT_BUNDLE_IDENTIFIER = com.strating.GitgameTests;
				PRODUCT_NAME = "$(TARGET_NAME)";
				SWIFT_VERSION = 3.0;
				TEST_HOST = "$(BUILT_PRODUCTS_DIR)/Coders.app/Coders";
			};
			name = Release;
		};
/* End XCBuildConfiguration section */

/* Begin XCConfigurationList section */
		6243969C1E5F91A200AF90D0 /* Build configuration list for PBXProject "Coders" */ = {
			isa = XCConfigurationList;
			buildConfigurations = (
				624396BF1E5F91A200AF90D0 /* Debug */,
				624396C01E5F91A200AF90D0 /* Release */,
			);
			defaultConfigurationIsVisible = 0;
			defaultConfigurationName = Release;
		};
		624396C11E5F91A200AF90D0 /* Build configuration list for PBXNativeTarget "Coders" */ = {
			isa = XCConfigurationList;
			buildConfigurations = (
				624396C21E5F91A200AF90D0 /* Debug */,
				624396C31E5F91A200AF90D0 /* Release */,
			);
			defaultConfigurationIsVisible = 0;
			defaultConfigurationName = Release;
		};
		624396C41E5F91A200AF90D0 /* Build configuration list for PBXNativeTarget "CodersTests" */ = {
			isa = XCConfigurationList;
			buildConfigurations = (
				624396C51E5F91A200AF90D0 /* Debug */,
				624396C61E5F91A200AF90D0 /* Release */,
			);
			defaultConfigurationIsVisible = 0;
			defaultConfigurationName = Release;
		};
/* End XCConfigurationList section */

/* Begin XCVersionGroup section */
		62A6AB821EA0FEDD00972E66 /* Gitgame.xcdatamodeld */ = {
			isa = XCVersionGroup;
			children = (
			);
			name = Gitgame.xcdatamodeld;
			path = ../Coders/Gitgame.xcdatamodeld;
			sourceTree = "<group>";
			versionGroupType = wrapper.xcdatamodel;
		};
/* End XCVersionGroup section */
	};
	rootObject = 624396991E5F91A200AF90D0 /* Project object */;
}
